{
  "name": "npm-frst-pkg",
  "version": "1.0.0",
  "lockfileVersion": 2,
  "requires": true,
  "packages": {
    "": {
      "name": "npm-frst-pkg",
      "version": "1.0.0",
      "license": "ISC",
      "dependencies": {
        "npm-frst-pkg": "^1.0.0"
      }
    },
    "node_modules/npm-frst-pkg": {
      "version": "1.0.0",
      "resolved": "https://registry.npmjs.org/npm-frst-pkg/-/npm-frst-pkg-1.0.0.tgz",
      "integrity": "sha512-PsPahocYH4HN+0gpTvSuwCpNGgQf3LZSqFcgXe/WqEsDA8QpypRF0S2/33tBVsr3Dqsv/oCgrV9QxUoB5P5iOA=="
    }
  },
  "dependencies": {
    "npm-frst-pkg": {
      "version": "1.0.0",
      "resolved": "https://registry.npmjs.org/npm-frst-pkg/-/npm-frst-pkg-1.0.0.tgz",
      "integrity": "sha512-PsPahocYH4HN+0gpTvSuwCpNGgQf3LZSqFcgXe/WqEsDA8QpypRF0S2/33tBVsr3Dqsv/oCgrV9QxUoB5P5iOA=="
    }
  }
}
